
Microsoft Visual Studio Solution File, Format Version 12.00
# Visual Studio Version 16
VisualStudioVersion = 16.0.31729.503
MinimumVisualStudioVersion = 10.0.40219.1
Project("{FAE04EC0-301F-11D3-BF4B-00C04F79EFBC}") = "saharproject", "saharproject\saharproject.csproj", "{FA829384-1348-4FE8-AA80-E8726B540627}"
EndProject
Project("{2150E333-8FDC-42A3-9474-1A3956D46DE8}") = "Solution Items", "Solution Items", "{FAA67BAF-79C0-4427-BEC2-1FFE5C2C2AFC}"
	ProjectSection(SolutionItems) = preProject
		.editorconfig = .editorconfig
	EndProjectSection
EndProject
Project("{FAE04EC0-301F-11D3-BF4B-00C04F79EFBC}") = "moviestufflibrary", "moviestufflibrary\moviestufflibrary.csproj", "{170A6A24-87EB-4F2F-88B5-22A0C751D3AC}"
EndProject
Global
	GlobalSection(SolutionConfigurationPlatforms) = preSolution
		Debug|Any CPU = Debug|Any CPU
		Release|Any CPU = Release|Any CPU
	EndGlobalSection
	GlobalSection(ProjectConfigurationPlatforms) = postSolution
		{FA829384-1348-4FE8-AA80-E8726B540627}.Debug|Any CPU.ActiveCfg = Debug|Any CPU
		{FA829384-1348-4FE8-AA80-E8726B540627}.Debug|Any CPU.Build.0 = Debug|Any CPU
		{FA829384-1348-4FE8-AA80-E8726B540627}.Release|Any CPU.ActiveCfg = Release|Any CPU
		{FA829384-1348-4FE8-AA80-E8726B540627}.Release|Any CPU.Build.0 = Release|Any CPU
		{170A6A24-87EB-4F2F-88B5-22A0C751D3AC}.Debug|Any CPU.ActiveCfg = Debug|Any CPU
		{170A6A24-87EB-4F2F-88B5-22A0C751D3AC}.Debug|Any CPU.Build.0 = Debug|Any CPU
		{170A6A24-87EB-4F2F-88B5-22A0C751D3AC}.Release|Any CPU.ActiveCfg = Release|Any CPU
		{170A6A24-87EB-4F2F-88B5-22A0C751D3AC}.Release|Any CPU.Build.0 = Release|Any CPU
	EndGlobalSection
	GlobalSection(SolutionProperties) = preSolution
		HideSolutionNode = FALSE
	EndGlobalSection
	GlobalSection(ExtensibilityGlobals) = postSolution
		SolutionGuid = {2DB957DA-C3D4-47EA-B050-34D1BB0694B8}
	EndGlobalSection
EndGlobal
